{
  "name": "@sjmeverett/fargate-deployment",
  "version": "2.4.1",
  "lockfileVersion": 1,
  "requires": true,
  "dependencies": {
    "@sjmeverett/cloudformation-types": {
      "version": "2.6.3",
      "resolved": "https://registry.npmjs.org/@sjmeverett/cloudformation-types/-/cloudformation-types-2.6.3.tgz",
      "integrity": "sha512-OHwegP2EKnjhKBi1d7fm4RRubm/EyawWa21S8AnFaxi9ZhyZoxEqIQaCfV24AozS2NOLNktfcrkks8cFi1gtpQ==",
      "dev": true
    }
  }
}
